
Microsoft Visual Studio Solution File, Format Version 12.00
# Visual Studio Version 17
VisualStudioVersion = 17.5.33530.505
MinimumVisualStudioVersion = 10.0.40219.1
Project("{8BC9CEB8-8B4A-11D0-8D11-00A0C91BC942}") = "See_Battle_with_classes", "See_Battle_with_classes.vcxproj", "{1278C919-5580-453D-9F87-93DCB6CAFC35}"
EndProject
Global
	GlobalSection(SolutionConfigurationPlatforms) = preSolution
		Debug|x64 = Debug|x64
		Debug|x86 = Debug|x86
		Release|x64 = Release|x64
		Release|x86 = Release|x86
	EndGlobalSection
	GlobalSection(ProjectConfigurationPlatforms) = postSolution
		{1278C919-5580-453D-9F87-93DCB6CAFC35}.Debug|x64.ActiveCfg = Debug|x64
		{1278C919-5580-453D-9F87-93DCB6CAFC35}.Debug|x64.Build.0 = Debug|x64
		{1278C919-5580-453D-9F87-93DCB6CAFC35}.Debug|x86.ActiveCfg = Debug|Win32
		{1278C919-5580-453D-9F87-93DCB6CAFC35}.Debug|x86.Build.0 = Debug|Win32
		{1278C919-5580-453D-9F87-93DCB6CAFC35}.Release|x64.ActiveCfg = Release|x64
		{1278C919-5580-453D-9F87-93DCB6CAFC35}.Release|x64.Build.0 = Release|x64
		{1278C919-5580-453D-9F87-93DCB6CAFC35}.Release|x86.ActiveCfg = Release|Win32
		{1278C919-5580-453D-9F87-93DCB6CAFC35}.Release|x86.Build.0 = Release|Win32
	EndGlobalSection
	GlobalSection(SolutionProperties) = preSolution
		HideSolutionNode = FALSE
	EndGlobalSection
	GlobalSection(ExtensibilityGlobals) = postSolution
		SolutionGuid = {AE881F42-AA92-4CF3-BA25-9ADB1ED00C49}
	EndGlobalSection
EndGlobal
